// !$*UTF8*$!
{
	archiveVersion = 1;
	classes = {
	};
	objectVersion = 48;
	objects = {

/* Begin PBXBuildFile section */
		D94E4AEE1F476681004BC9DB /* AppDelegate.swift in Sources */ = {isa = PBXBuildFile; fileRef = D94E4AED1F476681004BC9DB /* AppDelegate.swift */; };
		D94E4AF01F476681004BC9DB /* art.scnassets in Resources */ = {isa = PBXBuildFile; fileRef = D94E4AEF1F476681004BC9DB /* art.scnassets */; };
		D94E4AF21F476681004BC9DB /* ViewController.swift in Sources */ = {isa = PBXBuildFile; fileRef = D94E4AF11F476681004BC9DB /* ViewController.swift */; };
		D94E4AF51F476681004BC9DB /* Main.storyboard in Resources */ = {isa = PBXBuildFile; fileRef = D94E4AF31F476681004BC9DB /* Main.storyboard */; };
		D94E4AF71F476681004BC9DB /* Assets.xcassets in Resources */ = {isa = PBXBuildFile; fileRef = D94E4AF61F476681004BC9DB /* Assets.xcassets */; };
		D94E4AFA1F476681004BC9DB /* LaunchScreen.storyboard in Resources */ = {isa = PBXBuildFile; fileRef = D94E4AF81F476681004BC9DB /* LaunchScreen.storyboard */; };
/* End PBXBuildFile section */

/* Begin PBXFileReference section */
		D94E4AEA1F476681004BC9DB /* AR3D.app */ = {isa = PBXFileReference; explicitFileType = wrapper.application; includeInIndex = 0; path = AR3D.app; sourceTree = BUILT_PRODUCTS_DIR; };
		D94E4AED1F476681004BC9DB /* AppDelegate.swift */ = {isa = PBXFileReference; lastKnownFileType = sourcecode.swift; path = AppDelegate.swift; sourceTree = "<group>"; };
		D94E4AEF1F476681004BC9DB /* art.scnassets */ = {isa = PBXFileReference; lastKnownFileType = wrapper.scnassets; path = art.scnassets; sourceTree = "<group>"; };
		D94E4AF11F476681004BC9DB /* ViewController.swift */ = {isa = PBXFileReference; lastKnownFileType = sourcecode.swift; path = ViewController.swift; sourceTree = "<group>"; };
		D94E4AF41F476681004BC9DB /* Base */ = {isa = PBXFileReference; lastKnownFileType = file.storyboard; name = Base; path = Base.lproj/Main.storyboard; sourceTree = "<group>"; };
		D94E4AF61F476681004BC9DB /* Assets.xcassets */ = {isa = PBXFileReference; lastKnownFileType = folder.assetcatalog; path = Assets.xcassets; sourceTree = "<group>"; };
		D94E4AF91F476681004BC9DB /* Base */ = {isa = PBXFileReference; lastKnownFileType = file.storyboard; name = Base; path = Base.lproj/LaunchScreen.storyboard; sourceTree = "<group>"; };
		D94E4AFB1F476681004BC9DB /* Info.plist */ = {isa = PBXFileReference; lastKnownFileType = text.plist.xml; path = Info.plist; sourceTree = "<group>"; };
/* End PBXFileReference section */

/* Begin PBXFrameworksBuildPhase section */
		D94E4AE71F476681004BC9DB /* Frameworks */ = {
			isa = PBXFrameworksBuildPhase;
			buildActionMask = 2147483647;
			files = (
			);
			runOnlyForDeploymentPostprocessing = 0;
		};
/* End PBXFrameworksBuildPhase section */

/* Begin PBXGroup section */
		D94E4AE11F476681004BC9DB = {
			isa = PBXGroup;
			children = (
				D94E4AEC1F476681004BC9DB /* AR3D */,
				D94E4AEB1F476681004BC9DB /* Products */,
			);
			sourceTree = "<group>";
		};
		D94E4AEB1F476681004BC9DB /* Products */ = {
			isa = PBXGroup;
			children = (
				D94E4AEA1F476681004BC9DB /* AR3D.app */,
			);
			name = Products;
			sourceTree = "<group>";
		};
		D94E4AEC1F476681004BC9DB /* AR3D */ = {
			isa = PBXGroup;
			children = (
				D94E4AED1F476681004BC9DB /* AppDelegate.swift */,
				D94E4AEF1F476681004BC9DB /* art.scnassets */,
				D94E4AF11F476681004BC9DB /* ViewController.swift */,
				D94E4AF31F476681004BC9DB /* Main.storyboard */,
				D94E4AF61F476681004BC9DB /* Assets.xcassets */,
				D94E4AF81F476681004BC9DB /* LaunchScreen.storyboard */,
				D94E4AFB1F476681004BC9DB /* Info.plist */,
			);
			path = AR3D;
			sourceTree = "<group>";
		};
/* End PBXGroup section */

/* Begin PBXNativeTarget section */
		D94E4AE91F476681004BC9DB /* AR3D */ = {
			isa = PBXNativeTarget;
			buildConfigurationList = D94E4AFE1F476681004BC9DB /* Build configuration list for PBXNativeTarget "AR3D" */;
			buildPhases = (
				D94E4AE61F476681004BC9DB /* Sources */,
				D94E4AE71F476681004BC9DB /* Frameworks */,
				D94E4AE81F476681004BC9DB /* Resources */,
			);
			buildRules = (
			);
			dependencies = (
			);
			name = AR3D;
			productName = AR3D;
			productReference = D94E4AEA1F476681004BC9DB /* AR3D.app */;
			productType = "com.apple.product-type.application";
		};
/* End PBXNativeTarget section */

/* Begin PBXProject section */
		D94E4AE21F476681004BC9DB /* Project object */ = {
			isa = PBXProject;
			attributes = {
				LastSwiftUpdateCheck = 0900;
				LastUpgradeCheck = 0900;
				ORGANIZATIONNAME = "Gilbert Gwizdała";
				TargetAttributes = {
					D94E4AE91F476681004BC9DB = {
						CreatedOnToolsVersion = 9.0;
					};
				};
			};
			buildConfigurationList = D94E4AE51F476681004BC9DB /* Build configuration list for PBXProject "AR3D" */;
			compatibilityVersion = "Xcode 8.0";
			developmentRegion = en;
			hasScannedForEncodings = 0;
			knownRegions = (
				en,
				Base,
			);
			mainGroup = D94E4AE11F476681004BC9DB;
			productRefGroup = D94E4AEB1F476681004BC9DB /* Products */;
			projectDirPath = "";
			projectRoot = "";
			targets = (
				D94E4AE91F476681004BC9DB /* AR3D */,
			);
		};
/* End PBXProject section */

/* Begin PBXResourcesBuildPhase section */
		D94E4AE81F476681004BC9DB /* Resources */ = {
			isa = PBXResourcesBuildPhase;
			buildActionMask = 2147483647;
			files = (
				D94E4AF01F476681004BC9DB /* art.scnassets in Resources */,
				D94E4AFA1F476681004BC9DB /* LaunchScreen.storyboard in Resources */,
				D94E4AF71F476681004BC9DB /* Assets.xcassets in Resources */,
				D94E4AF51F476681004BC9DB /* Main.storyboard in Resources */,
			);
			runOnlyForDeploymentPostprocessing = 0;
		};
/* End PBXResourcesBuildPhase section */

/* Begin PBXSourcesBuildPhase section */
		D94E4AE61F476681004BC9DB /* Sources */ = {
			isa = PBXSourcesBuildPhase;
			buildActionMask = 2147483647;
			files = (
				D94E4AF21F476681004BC9DB /* ViewController.swift in Sources */,
				D94E4AEE1F476681004BC9DB /* AppDelegate.swift in Sources */,
			);
			runOnlyForDeploymentPostprocessing = 0;
		};
/* End PBXSourcesBuildPhase section */

/* Begin PBXVariantGroup section */
		D94E4AF31F476681004BC9DB /* Main.storyboard */ = {
			isa = PBXVariantGroup;
			children = (
				D94E4AF41F476681004BC9DB /* Base */,
			);
			name = Main.storyboard;
			sourceTree = "<group>";
		};
		D94E4AF81F476681004BC9DB /* LaunchScreen.storyboard */ = {
			isa = PBXVariantGroup;
			children = (
				D94E4AF91F476681004BC9DB /* Base */,
			);
			name = LaunchScreen.storyboard;
			sourceTree = "<group>";
		};
/* End PBXVariantGroup section */

/* Begin XCBuildConfiguration section */
		D94E4AFC1F476681004BC9DB /* Debug */ = {
			isa = XCBuildConfiguration;
			buildSettings = {
				ALWAYS_SEARCH_USER_PATHS = NO;
				CLANG_ANALYZER_NONNULL = YES;
				CLANG_ANALYZER_NUMBER_OBJECT_CONVERSION = YES_AGGRESSIVE;
				CLANG_CXX_LANGUAGE_STANDARD = "gnu++14";
				CLANG_CXX_LIBRARY = "libc++";
				CLANG_ENABLE_MODULES = YES;
				CLANG_ENABLE_OBJC_ARC = YES;
				CLANG_WARN_BLOCK_CAPTURE_AUTORELEASING = YES;
				CLANG_WARN_BOOL_CONVERSION = YES;
				CLANG_WARN_COMMA = YES;
				CLANG_WARN_CONSTANT_CONVERSION = YES;
				CLANG_WARN_DIRECT_OBJC_ISA_USAGE = YES_ERROR;
				CLANG_WARN_DOCUMENTATION_COMMENTS = YES;
				CLANG_WARN_EMPTY_BODY = YES;
				CLANG_WARN_ENUM_CONVERSION = YES;
				CLANG_WARN_INFINITE_RECURSION = YES;
				CLANG_WARN_INT_CONVERSION = YES;
				CLANG_WARN_NON_LITERAL_NULL_CONVERSION = YES;
				CLANG_WARN_OBJC_LITERAL_CONVERSION = YES;
				CLANG_WARN_OBJC_ROOT_CLASS = YES_ERROR;
				CLANG_WARN_RANGE_LOOP_ANALYSIS = YES;
				CLANG_WARN_STRICT_PROTOTYPES = YES;
				CLANG_WARN_SUSPICIOUS_MOVE = YES;
				CLANG_WARN_UNGUARDED_AVAILABILITY = YES_AGGRESSIVE;
				CLANG_WARN_UNREACHABLE_CODE = YES;
				CLANG_WARN__DUPLICATE_METHOD_MATCH = YES;
				CODE_SIGN_IDENTITY = "iPhone Developer";
				COPY_PHASE_STRIP = NO;
				DEBUG_INFORMATION_FORMAT = dwarf;
				ENABLE_STRICT_OBJC_MSGSEND = YES;
				ENABLE_TESTABILITY = YES;
				GCC_C_LANGUAGE_STANDARD = gnu11;
				GCC_DYNAMIC_NO_PIC = NO;
				GCC_NO_COMMON_BLOCKS = YES;
				GCC_OPTIMIZATION_LEVEL = 0;
				GCC_PREPROCESSOR_DEFINITIONS = (
					"DEBUG=1",
					"$(inherited)",
				);
				GCC_WARN_64_TO_32_BIT_CONVERSION = YES;
				GCC_WARN_ABOUT_RETURN_TYPE = YES_ERROR;
				GCC_WARN_UNDECLARED_SELECTOR = YES;
				GCC_WARN_UNINITIALIZED_AUTOS = YES_AGGRESSIVE;
				GCC_WARN_UNUSED_FUNCTION = YES;
				GCC_WARN_UNUSED_VARIABLE = YES;
				IPHONEOS_DEPLOYMENT_TARGET = 11.0;
				MTL_ENABLE_DEBUG_INFO = YES;
				ONLY_ACTIVE_ARCH = YES;
				SDKROOT = iphoneos;
				SWIFT_ACTIVE_COMPILATION_CONDITIONS = DEBUG;
				SWIFT_OPTIMIZATION_LEVEL = "-Onone";
			};
			name = Debug;
		};
		D94E4AFD1F476681004BC9DB /* Release */ = {
			isa = XCBuildConfiguration;
			buildSettings = {
				ALWAYS_SEARCH_USER_PATHS = NO;
				CLANG_ANALYZER_NONNULL = YES;
				CLANG_ANALYZER_NUMBER_OBJECT_CONVERSION = YES_AGGRESSIVE;
				CLANG_CXX_LANGUAGE_STANDARD = "gnu++14";
				CLANG_CXX_LIBRARY = "libc++";
				CLANG_ENABLE_MODULES = YES;
				CLANG_ENABLE_OBJC_ARC = YES;
				CLANG_WARN_BLOCK_CAPTURE_AUTORELEASING = YES;
				CLANG_WARN_BOOL_CONVERSION = YES;
				CLANG_WARN_COMMA = YES;
				CLANG_WARN_CONSTANT_CONVERSION = YES;
				CLANG_WARN_DIRECT_OBJC_ISA_USAGE = YES_ERROR;
				CLANG_WARN_DOCUMENTATION_COMMENTS = YES;
				CLANG_WARN_EMPTY_BODY = YES;
				CLANG_WARN_ENUM_CONVERSION = YES;
				CLANG_WARN_INFINITE_RECURSION = YES;
				CLANG_WARN_INT_CONVERSION = YES;
				CLANG_WARN_NON_LITERAL_NULL_CONVERSION = YES;
				CLANG_WARN_OBJC_LITERAL_CONVERSION = YES;
				CLANG_WARN_OBJC_ROOT_CLASS = YES_ERROR;
				CLANG_WARN_RANGE_LOOP_ANALYSIS = YES;
				CLANG_WARN_STRICT_PROTOTYPES = YES;
				CLANG_WARN_SUSPICIOUS_MOVE = YES;
				CLANG_WARN_UNGUARDED_AVAILABILITY = YES_AGGRESSIVE;
				CLANG_WARN_UNREACHABLE_CODE = YES;
				CLANG_WARN__DUPLICATE_METHOD_MATCH = YES;
				CODE_SIGN_IDENTITY = "iPhone Developer";
				COPY_PHASE_STRIP = NO;
				DEBUG_INFORMATION_FORMAT = "dwarf-with-dsym";
				ENABLE_NS_ASSERTIONS = NO;
				ENABLE_STRICT_OBJC_MSGSEND = YES;
				GCC_C_LANGUAGE_STANDARD = gnu11;
				GCC_NO_COMMON_BLOCKS = YES;
				GCC_WARN_64_TO_32_BIT_CONVERSION = YES;
				GCC_WARN_ABOUT_RETURN_TYPE = YES_ERROR;
				GCC_WARN_UNDECLARED_SELECTOR = YES;
				GCC_WARN_UNINITIALIZED_AUTOS = YES_AGGRESSIVE;
				GCC_WARN_UNUSED_FUNCTION = YES;
				GCC_WARN_UNUSED_VARIABLE = YES;
				IPHONEOS_DEPLOYMENT_TARGET = 11.0;
				MTL_ENABLE_DEBUG_INFO = NO;
				SDKROOT = iphoneos;
				SWIFT_OPTIMIZATION_LEVEL = "-Owholemodule";
				VALIDATE_PRODUCT = YES;
			};
			name = Release;
		};
		D94E4AFF1F476681004BC9DB /* Debug */ = {
			isa = XCBuildConfiguration;
			buildSettings = {
				ASSETCATALOG_COMPILER_APPICON_NAME = AppIcon;
				INFOPLIST_FILE = AR3D/Info.plist;
				LD_RUNPATH_SEARCH_PATHS = "$(inherited) @executable_path/Frameworks";
				PRODUCT_BUNDLE_IDENTIFIER = com.zeelus.AR3D;
				PRODUCT_NAME = "$(TARGET_NAME)";
				SWIFT_VERSION = 4.0;
				TARGETED_DEVICE_FAMILY = "1,2";
			};
			name = Debug;
		};
		D94E4B001F476681004BC9DB /* Release */ = {
			isa = XCBuildConfiguration;
			buildSettings = {
				ASSETCATALOG_COMPILER_APPICON_NAME = AppIcon;
				INFOPLIST_FILE = AR3D/Info.plist;
				LD_RUNPATH_SEARCH_PATHS = "$(inherited) @executable_path/Frameworks";
				PRODUCT_BUNDLE_IDENTIFIER = com.zeelus.AR3D;
				PRODUCT_NAME = "$(TARGET_NAME)";
				SWIFT_VERSION = 4.0;
				TARGETED_DEVICE_FAMILY = "1,2";
			};
			name = Release;
		};
/* End XCBuildConfiguration section */

/* Begin XCConfigurationList section */
		D94E4AE51F476681004BC9DB /* Build configuration list for PBXProject "AR3D" */ = {
			isa = XCConfigurationList;
			buildConfigurations = (
				D94E4AFC1F476681004BC9DB /* Debug */,
				D94E4AFD1F476681004BC9DB /* Release */,
			);
			defaultConfigurationIsVisible = 0;
			defaultConfigurationName = Release;
		};
		D94E4AFE1F476681004BC9DB /* Build configuration list for PBXNativeTarget "AR3D" */ = {
			isa = XCConfigurationList;
			buildConfigurations = (
				D94E4AFF1F476681004BC9DB /* Debug */,
				D94E4B001F476681004BC9DB /* Release */,
			);
			defaultConfigurationIsVisible = 0;
			defaultConfigurationName = Release;
		};
/* End XCConfigurationList section */
	};
	rootObject = D94E4AE21F476681004BC9DB /* Project object */;
}
